
Microsoft Visual Studio Solution File, Format Version 12.00
# Visual Studio Version 17
VisualStudioVersion = 17.8.34330.188
MinimumVisualStudioVersion = 10.0.40219.1
Project("{2150E333-8FDC-42A3-9474-1A3956D46DE8}") = "KAAPI.DataAccess", "KAAPI.DataAccess", "{1B453203-1853-445D-90EC-32543FC87047}"
EndProject
Project("{2150E333-8FDC-42A3-9474-1A3956D46DE8}") = "KAAPI.BusinessLogic", "KAAPI.BusinessLogic", "{9D55917A-875D-48CD-BCF4-AC1B35C6B6A1}"
EndProject
Project("{2150E333-8FDC-42A3-9474-1A3956D46DE8}") = "KAAPI.Presentation", "KAAPI.Presentation", "{47912A11-E35C-4A8D-9A4B-4A7E6F921CA6}"
EndProject
Project("{9A19103F-16F7-4668-BE54-9A1E7A4F7556}") = "KAAPI.WebAPI", "KAAPI.WebAPI\KAAPI.WebAPI.csproj", "{A00E382B-40A1-4C05-BE0C-53031C8B995F}"
EndProject
Project("{9A19103F-16F7-4668-BE54-9A1E7A4F7556}") = "KAAPI.BL", "KAAPI.BL\KAAPI.BL.csproj", "{F08D042A-4D78-4608-80C1-53A4F3180CBF}"
EndProject
Project("{9A19103F-16F7-4668-BE54-9A1E7A4F7556}") = "KAAPI.DataObject", "KAAPI.DataObject\KAAPI.DataObject.csproj", "{280EA9BF-A24C-474A-AA94-E3BE4460E413}"
EndProject
Project("{9A19103F-16F7-4668-BE54-9A1E7A4F7556}") = "KAAPI.DL", "KAAPI.DL\KAAPI.DL.csproj", "{E66EE267-64F0-44E2-84D7-DA5F53FBD92D}"
EndProject
Project("{2150E333-8FDC-42A3-9474-1A3956D46DE8}") = "KAAPI.UnitTest", "KAAPI.UnitTest", "{CBE3FBF7-EE4D-4A53-809A-D14A7F177374}"
EndProject
Project("{FAE04EC0-301F-11D3-BF4B-00C04F79EFBC}") = "KAAPI.UnitTest", "KAAPI.UnitTest\KAAPI.UnitTest.csproj", "{BC59931B-C05A-4579-8ED5-CB3A52BA57BC}"
EndProject
Global
	GlobalSection(SolutionConfigurationPlatforms) = preSolution
		Debug|Any CPU = Debug|Any CPU
		Release|Any CPU = Release|Any CPU
	EndGlobalSection
	GlobalSection(ProjectConfigurationPlatforms) = postSolution
		{A00E382B-40A1-4C05-BE0C-53031C8B995F}.Debug|Any CPU.ActiveCfg = Debug|Any CPU
		{A00E382B-40A1-4C05-BE0C-53031C8B995F}.Debug|Any CPU.Build.0 = Debug|Any CPU
		{A00E382B-40A1-4C05-BE0C-53031C8B995F}.Release|Any CPU.ActiveCfg = Release|Any CPU
		{A00E382B-40A1-4C05-BE0C-53031C8B995F}.Release|Any CPU.Build.0 = Release|Any CPU
		{F08D042A-4D78-4608-80C1-53A4F3180CBF}.Debug|Any CPU.ActiveCfg = Debug|Any CPU
		{F08D042A-4D78-4608-80C1-53A4F3180CBF}.Debug|Any CPU.Build.0 = Debug|Any CPU
		{F08D042A-4D78-4608-80C1-53A4F3180CBF}.Release|Any CPU.ActiveCfg = Release|Any CPU
		{F08D042A-4D78-4608-80C1-53A4F3180CBF}.Release|Any CPU.Build.0 = Release|Any CPU
		{280EA9BF-A24C-474A-AA94-E3BE4460E413}.Debug|Any CPU.ActiveCfg = Debug|Any CPU
		{280EA9BF-A24C-474A-AA94-E3BE4460E413}.Debug|Any CPU.Build.0 = Debug|Any CPU
		{280EA9BF-A24C-474A-AA94-E3BE4460E413}.Release|Any CPU.ActiveCfg = Release|Any CPU
		{280EA9BF-A24C-474A-AA94-E3BE4460E413}.Release|Any CPU.Build.0 = Release|Any CPU
		{E66EE267-64F0-44E2-84D7-DA5F53FBD92D}.Debug|Any CPU.ActiveCfg = Debug|Any CPU
		{E66EE267-64F0-44E2-84D7-DA5F53FBD92D}.Debug|Any CPU.Build.0 = Debug|Any CPU
		{E66EE267-64F0-44E2-84D7-DA5F53FBD92D}.Release|Any CPU.ActiveCfg = Release|Any CPU
		{E66EE267-64F0-44E2-84D7-DA5F53FBD92D}.Release|Any CPU.Build.0 = Release|Any CPU
		{BC59931B-C05A-4579-8ED5-CB3A52BA57BC}.Debug|Any CPU.ActiveCfg = Debug|Any CPU
		{BC59931B-C05A-4579-8ED5-CB3A52BA57BC}.Debug|Any CPU.Build.0 = Debug|Any CPU
		{BC59931B-C05A-4579-8ED5-CB3A52BA57BC}.Release|Any CPU.ActiveCfg = Release|Any CPU
		{BC59931B-C05A-4579-8ED5-CB3A52BA57BC}.Release|Any CPU.Build.0 = Release|Any CPU
	EndGlobalSection
	GlobalSection(SolutionProperties) = preSolution
		HideSolutionNode = FALSE
	EndGlobalSection
	GlobalSection(NestedProjects) = preSolution
		{A00E382B-40A1-4C05-BE0C-53031C8B995F} = {47912A11-E35C-4A8D-9A4B-4A7E6F921CA6}
		{F08D042A-4D78-4608-80C1-53A4F3180CBF} = {9D55917A-875D-48CD-BCF4-AC1B35C6B6A1}
		{280EA9BF-A24C-474A-AA94-E3BE4460E413} = {1B453203-1853-445D-90EC-32543FC87047}
		{E66EE267-64F0-44E2-84D7-DA5F53FBD92D} = {1B453203-1853-445D-90EC-32543FC87047}
		{BC59931B-C05A-4579-8ED5-CB3A52BA57BC} = {CBE3FBF7-EE4D-4A53-809A-D14A7F177374}
	EndGlobalSection
	GlobalSection(ExtensibilityGlobals) = postSolution
		SolutionGuid = {FCAB354E-2E59-47AA-9002-C2774F7D5C6B}
	EndGlobalSection
EndGlobal
